
Microsoft Visual Studio Solution File, Format Version 12.00
# Visual Studio Version 16
VisualStudioVersion = 16.0.31613.86
MinimumVisualStudioVersion = 10.0.40219.1
Project("{FAE04EC0-301F-11D3-BF4B-00C04F79EFBC}") = "UserRegistration-Reflection", "UserRegistration-Reflection\UserRegistration-Reflection.csproj", "{D0DD52DC-D8DD-477D-AC6F-90892F8347D5}"
EndProject
Global
	GlobalSection(SolutionConfigurationPlatforms) = preSolution
		Debug|Any CPU = Debug|Any CPU
		Release|Any CPU = Release|Any CPU
	EndGlobalSection
	GlobalSection(ProjectConfigurationPlatforms) = postSolution
		{D0DD52DC-D8DD-477D-AC6F-90892F8347D5}.Debug|Any CPU.ActiveCfg = Debug|Any CPU
		{D0DD52DC-D8DD-477D-AC6F-90892F8347D5}.Debug|Any CPU.Build.0 = Debug|Any CPU
		{D0DD52DC-D8DD-477D-AC6F-90892F8347D5}.Release|Any CPU.ActiveCfg = Release|Any CPU
		{D0DD52DC-D8DD-477D-AC6F-90892F8347D5}.Release|Any CPU.Build.0 = Release|Any CPU
	EndGlobalSection
	GlobalSection(SolutionProperties) = preSolution
		HideSolutionNode = FALSE
	EndGlobalSection
	GlobalSection(ExtensibilityGlobals) = postSolution
		SolutionGuid = {6154A6C0-EA7D-459E-9012-DFFB54023319}
	EndGlobalSection
EndGlobal
